{
  "name": "calibre",
  "lockfileVersion": 2,
  "requires": true,
  "packages": {
    "": {
      "dependencies": {
        "pug-code-gen": "^3.0.2"
      }
    },
    "node_modules/@babel/helper-string-parser": {
      "version": "7.19.4",
      "resolved": "https://registry.npmjs.org/@babel/helper-string-parser/-/helper-string-parser-7.19.4.tgz",
      "integrity": "sha512-nHtDoQcuqFmwYNYPz3Rah5ph2p8PFeFCsZk9A/48dPc/rGocJ5J3hAAZ7pb76VWX3fZKu+uEr/FhH5jLx7umrw==",
      "engines": {
        "node": ">=6.9.0"
      }
    },
    "node_modules/@babel/helper-validator-identifier": {
      "version": "7.19.1",
      "resolved": "https://registry.npmjs.org/@babel/helper-validator-identifier/-/helper-validator-identifier-7.19.1.tgz",
      "integrity": "sha512-awrNfaMtnHUr653GgGEs++LlAvW6w+DcPrOliSMXWCKo597CwL5Acf/wWdNkf/tfEQE3mjkeD1YOVZOUV/od1w==",
      "engines": {
        "node": ">=6.9.0"
      }
    },
    "node_modules/@babel/parser": {
      "version": "7.20.0",
      "resolved": "https://registry.npmjs.org/@babel/parser/-/parser-7.20.0.tgz",
      "integrity": "sha512-G9VgAhEaICnz8iiJeGJQyVl6J2nTjbW0xeisva0PK6XcKsga7BIaqm4ZF8Rg1Wbaqmy6znspNqhPaPkyukujzg==",
      "bin": {
        "parser": "bin/babel-parser.js"
      },
      "engines": {
        "node": ">=6.0.0"
      }
    },
    "node_modules/@babel/types": {
      "version": "7.20.0",
      "resolved": "https://registry.npmjs.org/@babel/types/-/types-7.20.0.tgz",
      "integrity": "sha512-Jlgt3H0TajCW164wkTOTzHkZb075tMQMULzrLUoUeKmO7eFL96GgDxf7/Axhc5CAuKE3KFyVW1p6ysKsi2oXAg==",
      "dependencies": {
        "@babel/helper-string-parser": "^7.19.4",
        "@babel/helper-validator-identifier": "^7.19.1",
        "to-fast-properties": "^2.0.0"
      },
      "engines": {
        "node": ">=6.9.0"
      }
    },
    "node_modules/assert-never": {
      "version": "1.2.1",
      "resolved": "https://registry.npmjs.org/assert-never/-/assert-never-1.2.1.tgz",
      "integrity": "sha512-TaTivMB6pYI1kXwrFlEhLeGfOqoDNdTxjCdwRfFFkEA30Eu+k48W34nlok2EYWJfFFzqaEmichdNM7th6M5HNw=="
    },
    "node_modules/babel-walk": {
      "version": "3.0.0-canary-5",
      "resolved": "https://registry.npmjs.org/babel-walk/-/babel-walk-3.0.0-canary-5.tgz",
      "integrity": "sha512-GAwkz0AihzY5bkwIY5QDR+LvsRQgB/B+1foMPvi0FZPMl5fjD7ICiznUiBdLYMH1QYe6vqu4gWYytZOccLouFw==",
      "dependencies": {
        "@babel/types": "^7.9.6"
      },
      "engines": {
        "node": ">= 10.0.0"
      }
    },
    "node_modules/constantinople": {
      "version": "4.0.1",
      "resolved": "https://registry.npmjs.org/constantinople/-/constantinople-4.0.1.tgz",
      "integrity": "sha512-vCrqcSIq4//Gx74TXXCGnHpulY1dskqLTFGDmhrGxzeXL8lF8kvXv6mpNWlJj1uD4DW23D4ljAqbY4RRaaUZIw==",
      "dependencies": {
        "@babel/parser": "^7.6.0",
        "@babel/types": "^7.6.1"
      }
    },
    "node_modules/doctypes": {
      "version": "1.1.0",
      "resolved": "https://registry.npmjs.org/doctypes/-/doctypes-1.1.0.tgz",
      "integrity": "sha512-LLBi6pEqS6Do3EKQ3J0NqHWV5hhb78Pi8vvESYwyOy2c31ZEZVdtitdzsQsKb7878PEERhzUk0ftqGhG6Mz+pQ=="
    },
    "node_modules/js-stringify": {
      "version": "1.0.2",
      "resolved": "https://registry.npmjs.org/js-stringify/-/js-stringify-1.0.2.tgz",
      "integrity": "sha512-rtS5ATOo2Q5k1G+DADISilDA6lv79zIiwFd6CcjuIxGKLFm5C+RLImRscVap9k55i+MOZwgliw+NejvkLuGD5g=="
    },
    "node_modules/pug-attrs": {
      "version": "3.0.0",
      "resolved": "https://registry.npmjs.org/pug-attrs/-/pug-attrs-3.0.0.tgz",
      "integrity": "sha512-azINV9dUtzPMFQktvTXciNAfAuVh/L/JCl0vtPCwvOA21uZrC08K/UnmrL+SXGEVc1FwzjW62+xw5S/uaLj6cA==",
      "dependencies": {
        "constantinople": "^4.0.1",
        "js-stringify": "^1.0.2",
        "pug-runtime": "^3.0.0"
      }
    },
    "node_modules/pug-code-gen": {
      "version": "3.0.2",
      "resolved": "https://registry.npmjs.org/pug-code-gen/-/pug-code-gen-3.0.2.tgz",
      "integrity": "sha512-nJMhW16MbiGRiyR4miDTQMRWDgKplnHyeLvioEJYbk1RsPI3FuA3saEP8uwnTb2nTJEKBU90NFVWJBk4OU5qyg==",
      "dependencies": {
        "constantinople": "^4.0.1",
        "doctypes": "^1.1.0",
        "js-stringify": "^1.0.2",
        "pug-attrs": "^3.0.0",
        "pug-error": "^2.0.0",
        "pug-runtime": "^3.0.0",
        "void-elements": "^3.1.0",
        "with": "^7.0.0"
      }
    },
    "node_modules/pug-error": {
      "version": "2.0.0",
      "resolved": "https://registry.npmjs.org/pug-error/-/pug-error-2.0.0.tgz",
      "integrity": "sha512-sjiUsi9M4RAGHktC1drQfCr5C5eriu24Lfbt4s+7SykztEOwVZtbFk1RRq0tzLxcMxMYTBR+zMQaG07J/btayQ=="
    },
    "node_modules/pug-runtime": {
      "version": "3.0.1",
      "resolved": "https://registry.npmjs.org/pug-runtime/-/pug-runtime-3.0.1.tgz",
      "integrity": "sha512-L50zbvrQ35TkpHwv0G6aLSuueDRwc/97XdY8kL3tOT0FmhgG7UypU3VztfV/LATAvmUfYi4wNxSajhSAeNN+Kg=="
    },
    "node_modules/to-fast-properties": {
      "version": "2.0.0",
      "resolved": "https://registry.npmjs.org/to-fast-properties/-/to-fast-properties-2.0.0.tgz",
      "integrity": "sha512-/OaKK0xYrs3DmxRYqL/yDc+FxFUVYhDlXMhRmv3z915w2HF1tnN1omB354j8VUGO/hbRzyD6Y3sA7v7GS/ceog==",
      "engines": {
        "node": ">=4"
      }
    },
    "node_modules/void-elements": {
      "version": "3.1.0",
      "resolved": "https://registry.npmjs.org/void-elements/-/void-elements-3.1.0.tgz",
      "integrity": "sha512-Dhxzh5HZuiHQhbvTW9AMetFfBHDMYpo23Uo9btPXgdYP+3T5S+p+jgNy7spra+veYhBP2dCSgxR/i2Y02h5/6w==",
      "engines": {
        "node": ">=0.10.0"
      }
    },
    "node_modules/with": {
      "version": "7.0.2",
      "resolved": "https://registry.npmjs.org/with/-/with-7.0.2.tgz",
      "integrity": "sha512-RNGKj82nUPg3g5ygxkQl0R937xLyho1J24ItRCBTr/m1YnZkzJy1hUiHUJrc/VlsDQzsCnInEGSg3bci0Lmd4w==",
      "dependencies": {
        "@babel/parser": "^7.9.6",
        "@babel/types": "^7.9.6",
        "assert-never": "^1.2.1",
        "babel-walk": "3.0.0-canary-5"
      },
      "engines": {
        "node": ">= 10.0.0"
      }
    }
  },
  "dependencies": {
    "@babel/helper-string-parser": {
      "version": "7.19.4",
      "resolved": "https://registry.npmjs.org/@babel/helper-string-parser/-/helper-string-parser-7.19.4.tgz",
      "integrity": "sha512-nHtDoQcuqFmwYNYPz3Rah5ph2p8PFeFCsZk9A/48dPc/rGocJ5J3hAAZ7pb76VWX3fZKu+uEr/FhH5jLx7umrw=="
    },
    "@babel/helper-validator-identifier": {
      "version": "7.19.1",
      "resolved": "https://registry.npmjs.org/@babel/helper-validator-identifier/-/helper-validator-identifier-7.19.1.tgz",
      "integrity": "sha512-awrNfaMtnHUr653GgGEs++LlAvW6w+DcPrOliSMXWCKo597CwL5Acf/wWdNkf/tfEQE3mjkeD1YOVZOUV/od1w=="
    },
    "@babel/parser": {
      "version": "7.20.0",
      "resolved": "https://registry.npmjs.org/@babel/parser/-/parser-7.20.0.tgz",
      "integrity": "sha512-G9VgAhEaICnz8iiJeGJQyVl6J2nTjbW0xeisva0PK6XcKsga7BIaqm4ZF8Rg1Wbaqmy6znspNqhPaPkyukujzg=="
    },
    "@babel/types": {
      "version": "7.20.0",
      "resolved": "https://registry.npmjs.org/@babel/types/-/types-7.20.0.tgz",
      "integrity": "sha512-Jlgt3H0TajCW164wkTOTzHkZb075tMQMULzrLUoUeKmO7eFL96GgDxf7/Axhc5CAuKE3KFyVW1p6ysKsi2oXAg==",
      "requires": {
        "@babel/helper-string-parser": "^7.19.4",
        "@babel/helper-validator-identifier": "^7.19.1",
        "to-fast-properties": "^2.0.0"
      }
    },
    "assert-never": {
      "version": "1.2.1",
      "resolved": "https://registry.npmjs.org/assert-never/-/assert-never-1.2.1.tgz",
      "integrity": "sha512-TaTivMB6pYI1kXwrFlEhLeGfOqoDNdTxjCdwRfFFkEA30Eu+k48W34nlok2EYWJfFFzqaEmichdNM7th6M5HNw=="
    },
    "babel-walk": {
      "version": "3.0.0-canary-5",
      "resolved": "https://registry.npmjs.org/babel-walk/-/babel-walk-3.0.0-canary-5.tgz",
      "integrity": "sha512-GAwkz0AihzY5bkwIY5QDR+LvsRQgB/B+1foMPvi0FZPMl5fjD7ICiznUiBdLYMH1QYe6vqu4gWYytZOccLouFw==",
      "requires": {
        "@babel/types": "^7.9.6"
      }
    },
    "constantinople": {
      "version": "4.0.1",
      "resolved": "https://registry.npmjs.org/constantinople/-/constantinople-4.0.1.tgz",
      "integrity": "sha512-vCrqcSIq4//Gx74TXXCGnHpulY1dskqLTFGDmhrGxzeXL8lF8kvXv6mpNWlJj1uD4DW23D4ljAqbY4RRaaUZIw==",
      "requires": {
        "@babel/parser": "^7.6.0",
        "@babel/types": "^7.6.1"
      }
    },
    "doctypes": {
      "version": "1.1.0",
      "resolved": "https://registry.npmjs.org/doctypes/-/doctypes-1.1.0.tgz",
      "integrity": "sha512-LLBi6pEqS6Do3EKQ3J0NqHWV5hhb78Pi8vvESYwyOy2c31ZEZVdtitdzsQsKb7878PEERhzUk0ftqGhG6Mz+pQ=="
    },
    "js-stringify": {
      "version": "1.0.2",
      "resolved": "https://registry.npmjs.org/js-stringify/-/js-stringify-1.0.2.tgz",
      "integrity": "sha512-rtS5ATOo2Q5k1G+DADISilDA6lv79zIiwFd6CcjuIxGKLFm5C+RLImRscVap9k55i+MOZwgliw+NejvkLuGD5g=="
    },
    "pug-attrs": {
      "version": "3.0.0",
      "resolved": "https://registry.npmjs.org/pug-attrs/-/pug-attrs-3.0.0.tgz",
      "integrity": "sha512-azINV9dUtzPMFQktvTXciNAfAuVh/L/JCl0vtPCwvOA21uZrC08K/UnmrL+SXGEVc1FwzjW62+xw5S/uaLj6cA==",
      "requires": {
        "constantinople": "^4.0.1",
        "js-stringify": "^1.0.2",
        "pug-runtime": "^3.0.0"
      }
    },
    "pug-code-gen": {
      "version": "3.0.2",
      "resolved": "https://registry.npmjs.org/pug-code-gen/-/pug-code-gen-3.0.2.tgz",
      "integrity": "sha512-nJMhW16MbiGRiyR4miDTQMRWDgKplnHyeLvioEJYbk1RsPI3FuA3saEP8uwnTb2nTJEKBU90NFVWJBk4OU5qyg==",
      "requires": {
        "constantinople": "^4.0.1",
        "doctypes": "^1.1.0",
        "js-stringify": "^1.0.2",
        "pug-attrs": "^3.0.0",
        "pug-error": "^2.0.0",
        "pug-runtime": "^3.0.0",
        "void-elements": "^3.1.0",
        "with": "^7.0.0"
      }
    },
    "pug-error": {
      "version": "2.0.0",
      "resolved": "https://registry.npmjs.org/pug-error/-/pug-error-2.0.0.tgz",
      "integrity": "sha512-sjiUsi9M4RAGHktC1drQfCr5C5eriu24Lfbt4s+7SykztEOwVZtbFk1RRq0tzLxcMxMYTBR+zMQaG07J/btayQ=="
    },
    "pug-runtime": {
      "version": "3.0.1",
      "resolved": "https://registry.npmjs.org/pug-runtime/-/pug-runtime-3.0.1.tgz",
      "integrity": "sha512-L50zbvrQ35TkpHwv0G6aLSuueDRwc/97XdY8kL3tOT0FmhgG7UypU3VztfV/LATAvmUfYi4wNxSajhSAeNN+Kg=="
    },
    "to-fast-properties": {
      "version": "2.0.0",
      "resolved": "https://registry.npmjs.org/to-fast-properties/-/to-fast-properties-2.0.0.tgz",
      "integrity": "sha512-/OaKK0xYrs3DmxRYqL/yDc+FxFUVYhDlXMhRmv3z915w2HF1tnN1omB354j8VUGO/hbRzyD6Y3sA7v7GS/ceog=="
    },
    "void-elements": {
      "version": "3.1.0",
      "resolved": "https://registry.npmjs.org/void-elements/-/void-elements-3.1.0.tgz",
      "integrity": "sha512-Dhxzh5HZuiHQhbvTW9AMetFfBHDMYpo23Uo9btPXgdYP+3T5S+p+jgNy7spra+veYhBP2dCSgxR/i2Y02h5/6w=="
    },
    "with": {
      "version": "7.0.2",
      "resolved": "https://registry.npmjs.org/with/-/with-7.0.2.tgz",
      "integrity": "sha512-RNGKj82nUPg3g5ygxkQl0R937xLyho1J24ItRCBTr/m1YnZkzJy1hUiHUJrc/VlsDQzsCnInEGSg3bci0Lmd4w==",
      "requires": {
        "@babel/parser": "^7.9.6",
        "@babel/types": "^7.9.6",
        "assert-never": "^1.2.1",
        "babel-walk": "3.0.0-canary-5"
      }
    }
  }
}
